
Microsoft Visual Studio Solution File, Format Version 12.00
# Visual Studio Version 17
VisualStudioVersion = 17.9.34728.123
MinimumVisualStudioVersion = 10.0.40219.1
Project("{FAE04EC0-301F-11D3-BF4B-00C04F79EFBC}") = "TaskManager.API", "TaskManager.API\TaskManager.API.csproj", "{1DDD66C0-28BB-4561-A580-9201204A7347}"
EndProject
Project("{FAE04EC0-301F-11D3-BF4B-00C04F79EFBC}") = "TaskManager.Core", "TaskManager.Core\TaskManager.Core.csproj", "{47D642BE-BF8B-4573-B718-248094135D12}"
EndProject
Project("{FAE04EC0-301F-11D3-BF4B-00C04F79EFBC}") = "TaskManager.BL", "TaskManager.BL\TaskManager.BL.csproj", "{9FA93BC9-55BD-4195-AB75-FAEB68AC5DEC}"
EndProject
Project("{FAE04EC0-301F-11D3-BF4B-00C04F79EFBC}") = "TaskManager.DAL", "TaskManager.DAL\TaskManager.DAL.csproj", "{4DBBDAA9-BA9E-4D1B-851D-2CD25780EA59}"
EndProject
Global
	GlobalSection(SolutionConfigurationPlatforms) = preSolution
		Debug|Any CPU = Debug|Any CPU
		Release|Any CPU = Release|Any CPU
	EndGlobalSection
	GlobalSection(ProjectConfigurationPlatforms) = postSolution
		{1DDD66C0-28BB-4561-A580-9201204A7347}.Debug|Any CPU.ActiveCfg = Debug|Any CPU
		{1DDD66C0-28BB-4561-A580-9201204A7347}.Debug|Any CPU.Build.0 = Debug|Any CPU
		{1DDD66C0-28BB-4561-A580-9201204A7347}.Release|Any CPU.ActiveCfg = Release|Any CPU
		{1DDD66C0-28BB-4561-A580-9201204A7347}.Release|Any CPU.Build.0 = Release|Any CPU
		{47D642BE-BF8B-4573-B718-248094135D12}.Debug|Any CPU.ActiveCfg = Debug|Any CPU
		{47D642BE-BF8B-4573-B718-248094135D12}.Debug|Any CPU.Build.0 = Debug|Any CPU
		{47D642BE-BF8B-4573-B718-248094135D12}.Release|Any CPU.ActiveCfg = Release|Any CPU
		{47D642BE-BF8B-4573-B718-248094135D12}.Release|Any CPU.Build.0 = Release|Any CPU
		{9FA93BC9-55BD-4195-AB75-FAEB68AC5DEC}.Debug|Any CPU.ActiveCfg = Debug|Any CPU
		{9FA93BC9-55BD-4195-AB75-FAEB68AC5DEC}.Debug|Any CPU.Build.0 = Debug|Any CPU
		{9FA93BC9-55BD-4195-AB75-FAEB68AC5DEC}.Release|Any CPU.ActiveCfg = Release|Any CPU
		{9FA93BC9-55BD-4195-AB75-FAEB68AC5DEC}.Release|Any CPU.Build.0 = Release|Any CPU
		{4DBBDAA9-BA9E-4D1B-851D-2CD25780EA59}.Debug|Any CPU.ActiveCfg = Debug|Any CPU
		{4DBBDAA9-BA9E-4D1B-851D-2CD25780EA59}.Debug|Any CPU.Build.0 = Debug|Any CPU
		{4DBBDAA9-BA9E-4D1B-851D-2CD25780EA59}.Release|Any CPU.ActiveCfg = Release|Any CPU
		{4DBBDAA9-BA9E-4D1B-851D-2CD25780EA59}.Release|Any CPU.Build.0 = Release|Any CPU
	EndGlobalSection
	GlobalSection(SolutionProperties) = preSolution
		HideSolutionNode = FALSE
	EndGlobalSection
	GlobalSection(ExtensibilityGlobals) = postSolution
		SolutionGuid = {6D7462D8-9E9C-4753-B9C4-A0F95B212B4C}
	EndGlobalSection
EndGlobal
